
Microsoft Visual Studio Solution File, Format Version 12.00
# Visual Studio Version 17
VisualStudioVersion = 17.14.36408.4 d17.14
MinimumVisualStudioVersion = 10.0.40219.1
Project("{FAE04EC0-301F-11D3-BF4B-00C04F79EFBC}") = "BlazorApp4", "BlazorApp4\BlazorApp4\BlazorApp4.csproj", "{219E54F5-FDC2-4B5A-ABFB-C617C0F89A5C}"
EndProject
Project("{FAE04EC0-301F-11D3-BF4B-00C04F79EFBC}") = "BlazorApp4.Client", "BlazorApp4\BlazorApp4.Client\BlazorApp4.Client.csproj", "{325E69E4-8B76-4837-BCFB-800B292A11DC}"
EndProject
Global
	GlobalSection(SolutionConfigurationPlatforms) = preSolution
		Debug|Any CPU = Debug|Any CPU
		Release|Any CPU = Release|Any CPU
	EndGlobalSection
	GlobalSection(ProjectConfigurationPlatforms) = postSolution
		{219E54F5-FDC2-4B5A-ABFB-C617C0F89A5C}.Debug|Any CPU.ActiveCfg = Debug|Any CPU
		{219E54F5-FDC2-4B5A-ABFB-C617C0F89A5C}.Debug|Any CPU.Build.0 = Debug|Any CPU
		{219E54F5-FDC2-4B5A-ABFB-C617C0F89A5C}.Release|Any CPU.ActiveCfg = Release|Any CPU
		{219E54F5-FDC2-4B5A-ABFB-C617C0F89A5C}.Release|Any CPU.Build.0 = Release|Any CPU
		{325E69E4-8B76-4837-BCFB-800B292A11DC}.Debug|Any CPU.ActiveCfg = Debug|Any CPU
		{325E69E4-8B76-4837-BCFB-800B292A11DC}.Debug|Any CPU.Build.0 = Debug|Any CPU
		{325E69E4-8B76-4837-BCFB-800B292A11DC}.Release|Any CPU.ActiveCfg = Release|Any CPU
		{325E69E4-8B76-4837-BCFB-800B292A11DC}.Release|Any CPU.Build.0 = Release|Any CPU
	EndGlobalSection
	GlobalSection(SolutionProperties) = preSolution
		HideSolutionNode = FALSE
	EndGlobalSection
	GlobalSection(ExtensibilityGlobals) = postSolution
		SolutionGuid = {0E8D2AA5-7D34-453F-BFFF-7B59B9FA8AC2}
	EndGlobalSection
EndGlobal
